// !$*UTF8*$!
{
	archiveVersion = 1;
	classes = {
	};
	objectVersion = 46;
	objects = {

/* Begin PBXBuildFile section */
		6F45465D1A509ACC00D57EEF /* libEstimoteSDK.a in Frameworks */ = {isa = PBXBuildFile; fileRef = 6F45465C1A509ACC00D57EEF /* libEstimoteSDK.a */; };
		6F6BC70A1A2D20A100578D7B /* AppDelegate.swift in Sources */ = {isa = PBXBuildFile; fileRef = 6F6BC7091A2D20A100578D7B /* AppDelegate.swift */; };
		6F6BC70D1A2D20A100578D7B /* BeaconColor.xcdatamodeld in Sources */ = {isa = PBXBuildFile; fileRef = 6F6BC70B1A2D20A100578D7B /* BeaconColor.xcdatamodeld */; };
		6F6BC70F1A2D20A100578D7B /* ViewController.swift in Sources */ = {isa = PBXBuildFile; fileRef = 6F6BC70E1A2D20A100578D7B /* ViewController.swift */; };
		6F6BC7121A2D20A100578D7B /* Main.storyboard in Resources */ = {isa = PBXBuildFile; fileRef = 6F6BC7101A2D20A100578D7B /* Main.storyboard */; };
		6F6BC7141A2D20A100578D7B /* Images.xcassets in Resources */ = {isa = PBXBuildFile; fileRef = 6F6BC7131A2D20A100578D7B /* Images.xcassets */; };
		6F6BC7171A2D20A100578D7B /* LaunchScreen.xib in Resources */ = {isa = PBXBuildFile; fileRef = 6F6BC7151A2D20A100578D7B /* LaunchScreen.xib */; };
		6F6BC7231A2D20A100578D7B /* BeaconColorTests.swift in Sources */ = {isa = PBXBuildFile; fileRef = 6F6BC7221A2D20A100578D7B /* BeaconColorTests.swift */; };
		6F72169A1A314C1B001EBD84 /* json.swift in Sources */ = {isa = PBXBuildFile; fileRef = 6F7216991A314C1B001EBD84 /* json.swift */; };
/* End PBXBuildFile section */

/* Begin PBXContainerItemProxy section */
		6F6BC71D1A2D20A100578D7B /* PBXContainerItemProxy */ = {
			isa = PBXContainerItemProxy;
			containerPortal = 6F6BC6FC1A2D20A100578D7B /* Project object */;
			proxyType = 1;
			remoteGlobalIDString = 6F6BC7031A2D20A100578D7B;
			remoteInfo = BeaconColor;
		};
/* End PBXContainerItemProxy section */

/* Begin PBXFileReference section */
		6F4546451A509ACC00D57EEF /* ESTBeacon.h */ = {isa = PBXFileReference; fileEncoding = 4; lastKnownFileType = sourcecode.c.h; path = ESTBeacon.h; sourceTree = "<group>"; };
		6F4546461A509ACC00D57EEF /* ESTBeaconDefinitions.h */ = {isa = PBXFileReference; fileEncoding = 4; lastKnownFileType = sourcecode.c.h; path = ESTBeaconDefinitions.h; sourceTree = "<group>"; };
		6F4546471A509ACC00D57EEF /* ESTBeaconFirmwareVO.h */ = {isa = PBXFileReference; fileEncoding = 4; lastKnownFileType = sourcecode.c.h; path = ESTBeaconFirmwareVO.h; sourceTree = "<group>"; };
		6F4546481A509ACC00D57EEF /* ESTBeaconManager.h */ = {isa = PBXFileReference; fileEncoding = 4; lastKnownFileType = sourcecode.c.h; path = ESTBeaconManager.h; sourceTree = "<group>"; };
		6F4546491A509ACC00D57EEF /* ESTBeaconRegion.h */ = {isa = PBXFileReference; fileEncoding = 4; lastKnownFileType = sourcecode.c.h; path = ESTBeaconRegion.h; sourceTree = "<group>"; };
		6F45464A1A509ACC00D57EEF /* ESTBeaconUpdateConfig.h */ = {isa = PBXFileReference; fileEncoding = 4; lastKnownFileType = sourcecode.c.h; path = ESTBeaconUpdateConfig.h; sourceTree = "<group>"; };
		6F45464B1A509ACC00D57EEF /* ESTBeaconUpdateInfo.h */ = {isa = PBXFileReference; fileEncoding = 4; lastKnownFileType = sourcecode.c.h; path = ESTBeaconUpdateInfo.h; sourceTree = "<group>"; };
		6F45464C1A509ACC00D57EEF /* ESTBeaconVO.h */ = {isa = PBXFileReference; fileEncoding = 4; lastKnownFileType = sourcecode.c.h; path = ESTBeaconVO.h; sourceTree = "<group>"; };
		6F45464D1A509ACC00D57EEF /* ESTBulkUpdater.h */ = {isa = PBXFileReference; fileEncoding = 4; lastKnownFileType = sourcecode.c.h; path = ESTBulkUpdater.h; sourceTree = "<group>"; };
		6F45464E1A509ACC00D57EEF /* ESTConfig.h */ = {isa = PBXFileReference; fileEncoding = 4; lastKnownFileType = sourcecode.c.h; path = ESTConfig.h; sourceTree = "<group>"; };
		6F45464F1A509ACC00D57EEF /* ESTDateRule.h */ = {isa = PBXFileReference; fileEncoding = 4; lastKnownFileType = sourcecode.c.h; path = ESTDateRule.h; sourceTree = "<group>"; };
		6F4546501A509ACC00D57EEF /* ESTDefinitions.h */ = {isa = PBXFileReference; fileEncoding = 4; lastKnownFileType = sourcecode.c.h; path = ESTDefinitions.h; sourceTree = "<group>"; };
		6F4546511A509ACC00D57EEF /* ESTFirmwareInfoVO.h */ = {isa = PBXFileReference; fileEncoding = 4; lastKnownFileType = sourcecode.c.h; path = ESTFirmwareInfoVO.h; sourceTree = "<group>"; };
		6F4546521A509ACC00D57EEF /* ESTMotionRule.h */ = {isa = PBXFileReference; fileEncoding = 4; lastKnownFileType = sourcecode.c.h; path = ESTMotionRule.h; sourceTree = "<group>"; };
		6F4546531A509ACC00D57EEF /* ESTNearable.h */ = {isa = PBXFileReference; fileEncoding = 4; lastKnownFileType = sourcecode.c.h; path = ESTNearable.h; sourceTree = "<group>"; };
		6F4546541A509ACC00D57EEF /* ESTNearableManager.h */ = {isa = PBXFileReference; fileEncoding = 4; lastKnownFileType = sourcecode.c.h; path = ESTNearableManager.h; sourceTree = "<group>"; };
		6F4546551A509ACC00D57EEF /* ESTNearableRule.h */ = {isa = PBXFileReference; fileEncoding = 4; lastKnownFileType = sourcecode.c.h; path = ESTNearableRule.h; sourceTree = "<group>"; };
		6F4546561A509ACC00D57EEF /* ESTOrientationRule.h */ = {isa = PBXFileReference; fileEncoding = 4; lastKnownFileType = sourcecode.c.h; path = ESTOrientationRule.h; sourceTree = "<group>"; };
		6F4546571A509ACC00D57EEF /* ESTProximityRule.h */ = {isa = PBXFileReference; fileEncoding = 4; lastKnownFileType = sourcecode.c.h; path = ESTProximityRule.h; sourceTree = "<group>"; };
		6F4546581A509ACC00D57EEF /* ESTRule.h */ = {isa = PBXFileReference; fileEncoding = 4; lastKnownFileType = sourcecode.c.h; path = ESTRule.h; sourceTree = "<group>"; };
		6F4546591A509ACC00D57EEF /* ESTTemperatureRule.h */ = {isa = PBXFileReference; fileEncoding = 4; lastKnownFileType = sourcecode.c.h; path = ESTTemperatureRule.h; sourceTree = "<group>"; };
		6F45465A1A509ACC00D57EEF /* ESTTrigger.h */ = {isa = PBXFileReference; fileEncoding = 4; lastKnownFileType = sourcecode.c.h; path = ESTTrigger.h; sourceTree = "<group>"; };
		6F45465B1A509ACC00D57EEF /* ESTTriggerManager.h */ = {isa = PBXFileReference; fileEncoding = 4; lastKnownFileType = sourcecode.c.h; path = ESTTriggerManager.h; sourceTree = "<group>"; };
		6F45465C1A509ACC00D57EEF /* libEstimoteSDK.a */ = {isa = PBXFileReference; lastKnownFileType = archive.ar; path = libEstimoteSDK.a; sourceTree = "<group>"; };
		6F6BC7041A2D20A100578D7B /* BeaconColor.app */ = {isa = PBXFileReference; explicitFileType = wrapper.application; includeInIndex = 0; path = BeaconColor.app; sourceTree = BUILT_PRODUCTS_DIR; };
		6F6BC7081A2D20A100578D7B /* Info.plist */ = {isa = PBXFileReference; lastKnownFileType = text.plist.xml; path = Info.plist; sourceTree = "<group>"; };
		6F6BC7091A2D20A100578D7B /* AppDelegate.swift */ = {isa = PBXFileReference; lastKnownFileType = sourcecode.swift; path = AppDelegate.swift; sourceTree = "<group>"; };
		6F6BC70C1A2D20A100578D7B /* BeaconColor.xcdatamodel */ = {isa = PBXFileReference; lastKnownFileType = wrapper.xcdatamodel; path = BeaconColor.xcdatamodel; sourceTree = "<group>"; };
		6F6BC70E1A2D20A100578D7B /* ViewController.swift */ = {isa = PBXFileReference; lastKnownFileType = sourcecode.swift; path = ViewController.swift; sourceTree = "<group>"; };
		6F6BC7111A2D20A100578D7B /* Base */ = {isa = PBXFileReference; lastKnownFileType = file.storyboard; name = Base; path = Base.lproj/Main.storyboard; sourceTree = "<group>"; };
		6F6BC7131A2D20A100578D7B /* Images.xcassets */ = {isa = PBXFileReference; lastKnownFileType = folder.assetcatalog; path = Images.xcassets; sourceTree = "<group>"; };
		6F6BC7161A2D20A100578D7B /* Base */ = {isa = PBXFileReference; lastKnownFileType = file.xib; name = Base; path = Base.lproj/LaunchScreen.xib; sourceTree = "<group>"; };
		6F6BC71C1A2D20A100578D7B /* BeaconColorTests.xctest */ = {isa = PBXFileReference; explicitFileType = wrapper.cfbundle; includeInIndex = 0; path = BeaconColorTests.xctest; sourceTree = BUILT_PRODUCTS_DIR; };
		6F6BC7211A2D20A100578D7B /* Info.plist */ = {isa = PBXFileReference; lastKnownFileType = text.plist.xml; path = Info.plist; sourceTree = "<group>"; };
		6F6BC7221A2D20A100578D7B /* BeaconColorTests.swift */ = {isa = PBXFileReference; lastKnownFileType = sourcecode.swift; path = BeaconColorTests.swift; sourceTree = "<group>"; };
		6F7216991A314C1B001EBD84 /* json.swift */ = {isa = PBXFileReference; fileEncoding = 4; lastKnownFileType = sourcecode.swift; name = json.swift; path = ../../EstimoteSDKTest/EstimoteSDKTest/json.swift; sourceTree = "<group>"; };
/* End PBXFileReference section */

/* Begin PBXFrameworksBuildPhase section */
		6F6BC7011A2D20A100578D7B /* Frameworks */ = {
			isa = PBXFrameworksBuildPhase;
			buildActionMask = 2147483647;
			files = (
				6F45465D1A509ACC00D57EEF /* libEstimoteSDK.a in Frameworks */,
			);
			runOnlyForDeploymentPostprocessing = 0;
		};
		6F6BC7191A2D20A100578D7B /* Frameworks */ = {
			isa = PBXFrameworksBuildPhase;
			buildActionMask = 2147483647;
			files = (
			);
			runOnlyForDeploymentPostprocessing = 0;
		};
/* End PBXFrameworksBuildPhase section */

/* Begin PBXGroup section */
		6F4546431A509ACC00D57EEF /* EstimoteSDK */ = {
			isa = PBXGroup;
			children = (
				6F4546441A509ACC00D57EEF /* Headers */,
				6F45465C1A509ACC00D57EEF /* libEstimoteSDK.a */,
			);
			name = EstimoteSDK;
			path = "../../../../../Downloads/iOS-SDK-master/EstimoteSDK";
			sourceTree = "<group>";
		};
		6F4546441A509ACC00D57EEF /* Headers */ = {
			isa = PBXGroup;
			children = (
				6F4546451A509ACC00D57EEF /* ESTBeacon.h */,
				6F4546461A509ACC00D57EEF /* ESTBeaconDefinitions.h */,
				6F4546471A509ACC00D57EEF /* ESTBeaconFirmwareVO.h */,
				6F4546481A509ACC00D57EEF /* ESTBeaconManager.h */,
				6F4546491A509ACC00D57EEF /* ESTBeaconRegion.h */,
				6F45464A1A509ACC00D57EEF /* ESTBeaconUpdateConfig.h */,
				6F45464B1A509ACC00D57EEF /* ESTBeaconUpdateInfo.h */,
				6F45464C1A509ACC00D57EEF /* ESTBeaconVO.h */,
				6F45464D1A509ACC00D57EEF /* ESTBulkUpdater.h */,
				6F45464E1A509ACC00D57EEF /* ESTConfig.h */,
				6F45464F1A509ACC00D57EEF /* ESTDateRule.h */,
				6F4546501A509ACC00D57EEF /* ESTDefinitions.h */,
				6F4546511A509ACC00D57EEF /* ESTFirmwareInfoVO.h */,
				6F4546521A509ACC00D57EEF /* ESTMotionRule.h */,
				6F4546531A509ACC00D57EEF /* ESTNearable.h */,
				6F4546541A509ACC00D57EEF /* ESTNearableManager.h */,
				6F4546551A509ACC00D57EEF /* ESTNearableRule.h */,
				6F4546561A509ACC00D57EEF /* ESTOrientationRule.h */,
				6F4546571A509ACC00D57EEF /* ESTProximityRule.h */,
				6F4546581A509ACC00D57EEF /* ESTRule.h */,
				6F4546591A509ACC00D57EEF /* ESTTemperatureRule.h */,
				6F45465A1A509ACC00D57EEF /* ESTTrigger.h */,
				6F45465B1A509ACC00D57EEF /* ESTTriggerManager.h */,
			);
			path = Headers;
			sourceTree = "<group>";
		};
		6F6BC6FB1A2D20A100578D7B = {
			isa = PBXGroup;
			children = (
				6F6BC7061A2D20A100578D7B /* BeaconColor */,
				6F6BC71F1A2D20A100578D7B /* BeaconColorTests */,
				6F6BC7051A2D20A100578D7B /* Products */,
			);
			sourceTree = "<group>";
		};
		6F6BC7051A2D20A100578D7B /* Products */ = {
			isa = PBXGroup;
			children = (
				6F6BC7041A2D20A100578D7B /* BeaconColor.app */,
				6F6BC71C1A2D20A100578D7B /* BeaconColorTests.xctest */,
			);
			name = Products;
			sourceTree = "<group>";
		};
		6F6BC7061A2D20A100578D7B /* BeaconColor */ = {
			isa = PBXGroup;
			children = (
				6F4546431A509ACC00D57EEF /* EstimoteSDK */,
				6F6BC7091A2D20A100578D7B /* AppDelegate.swift */,
				6F7216991A314C1B001EBD84 /* json.swift */,
				6F6BC70E1A2D20A100578D7B /* ViewController.swift */,
				6F6BC7101A2D20A100578D7B /* Main.storyboard */,
				6F6BC7131A2D20A100578D7B /* Images.xcassets */,
				6F6BC7151A2D20A100578D7B /* LaunchScreen.xib */,
				6F6BC70B1A2D20A100578D7B /* BeaconColor.xcdatamodeld */,
				6F6BC7071A2D20A100578D7B /* Supporting Files */,
			);
			path = BeaconColor;
			sourceTree = "<group>";
		};
		6F6BC7071A2D20A100578D7B /* Supporting Files */ = {
			isa = PBXGroup;
			children = (
				6F6BC7081A2D20A100578D7B /* Info.plist */,
			);
			name = "Supporting Files";
			sourceTree = "<group>";
		};
		6F6BC71F1A2D20A100578D7B /* BeaconColorTests */ = {
			isa = PBXGroup;
			children = (
				6F6BC7221A2D20A100578D7B /* BeaconColorTests.swift */,
				6F6BC7201A2D20A100578D7B /* Supporting Files */,
			);
			path = BeaconColorTests;
			sourceTree = "<group>";
		};
		6F6BC7201A2D20A100578D7B /* Supporting Files */ = {
			isa = PBXGroup;
			children = (
				6F6BC7211A2D20A100578D7B /* Info.plist */,
			);
			name = "Supporting Files";
			sourceTree = "<group>";
		};
/* End PBXGroup section */

/* Begin PBXNativeTarget section */
		6F6BC7031A2D20A100578D7B /* BeaconColor */ = {
			isa = PBXNativeTarget;
			buildConfigurationList = 6F6BC7261A2D20A100578D7B /* Build configuration list for PBXNativeTarget "BeaconColor" */;
			buildPhases = (
				6F6BC7001A2D20A100578D7B /* Sources */,
				6F6BC7011A2D20A100578D7B /* Frameworks */,
				6F6BC7021A2D20A100578D7B /* Resources */,
			);
			buildRules = (
			);
			dependencies = (
			);
			name = BeaconColor;
			productName = BeaconColor;
			productReference = 6F6BC7041A2D20A100578D7B /* BeaconColor.app */;
			productType = "com.apple.product-type.application";
		};
		6F6BC71B1A2D20A100578D7B /* BeaconColorTests */ = {
			isa = PBXNativeTarget;
			buildConfigurationList = 6F6BC7291A2D20A100578D7B /* Build configuration list for PBXNativeTarget "BeaconColorTests" */;
			buildPhases = (
				6F6BC7181A2D20A100578D7B /* Sources */,
				6F6BC7191A2D20A100578D7B /* Frameworks */,
				6F6BC71A1A2D20A100578D7B /* Resources */,
			);
			buildRules = (
			);
			dependencies = (
				6F6BC71E1A2D20A100578D7B /* PBXTargetDependency */,
			);
			name = BeaconColorTests;
			productName = BeaconColorTests;
			productReference = 6F6BC71C1A2D20A100578D7B /* BeaconColorTests.xctest */;
			productType = "com.apple.product-type.bundle.unit-test";
		};
/* End PBXNativeTarget section */

/* Begin PBXProject section */
		6F6BC6FC1A2D20A100578D7B /* Project object */ = {
			isa = PBXProject;
			attributes = {
				LastUpgradeCheck = 0610;
				ORGANIZATIONNAME = "Joseph Mari";
				TargetAttributes = {
					6F6BC7031A2D20A100578D7B = {
						CreatedOnToolsVersion = 6.1;
						SystemCapabilities = {
							com.apple.BackgroundModes = {
								enabled = 1;
							};
						};
					};
					6F6BC71B1A2D20A100578D7B = {
						CreatedOnToolsVersion = 6.1;
						TestTargetID = 6F6BC7031A2D20A100578D7B;
					};
				};
			};
			buildConfigurationList = 6F6BC6FF1A2D20A100578D7B /* Build configuration list for PBXProject "BeaconColor" */;
			compatibilityVersion = "Xcode 3.2";
			developmentRegion = English;
			hasScannedForEncodings = 0;
			knownRegions = (
				en,
				Base,
			);
			mainGroup = 6F6BC6FB1A2D20A100578D7B;
			productRefGroup = 6F6BC7051A2D20A100578D7B /* Products */;
			projectDirPath = "";
			projectRoot = "";
			targets = (
				6F6BC7031A2D20A100578D7B /* BeaconColor */,
				6F6BC71B1A2D20A100578D7B /* BeaconColorTests */,
			);
		};
/* End PBXProject section */

/* Begin PBXResourcesBuildPhase section */
		6F6BC7021A2D20A100578D7B /* Resources */ = {
			isa = PBXResourcesBuildPhase;
			buildActionMask = 2147483647;
			files = (
				6F6BC7121A2D20A100578D7B /* Main.storyboard in Resources */,
				6F6BC7171A2D20A100578D7B /* LaunchScreen.xib in Resources */,
				6F6BC7141A2D20A100578D7B /* Images.xcassets in Resources */,
			);
			runOnlyForDeploymentPostprocessing = 0;
		};
		6F6BC71A1A2D20A100578D7B /* Resources */ = {
			isa = PBXResourcesBuildPhase;
			buildActionMask = 2147483647;
			files = (
			);
			runOnlyForDeploymentPostprocessing = 0;
		};
/* End PBXResourcesBuildPhase section */

/* Begin PBXSourcesBuildPhase section */
		6F6BC7001A2D20A100578D7B /* Sources */ = {
			isa = PBXSourcesBuildPhase;
			buildActionMask = 2147483647;
			files = (
				6F6BC70F1A2D20A100578D7B /* ViewController.swift in Sources */,
				6F6BC70A1A2D20A100578D7B /* AppDelegate.swift in Sources */,
				6F6BC70D1A2D20A100578D7B /* BeaconColor.xcdatamodeld in Sources */,
				6F72169A1A314C1B001EBD84 /* json.swift in Sources */,
			);
			runOnlyForDeploymentPostprocessing = 0;
		};
		6F6BC7181A2D20A100578D7B /* Sources */ = {
			isa = PBXSourcesBuildPhase;
			buildActionMask = 2147483647;
			files = (
				6F6BC7231A2D20A100578D7B /* BeaconColorTests.swift in Sources */,
			);
			runOnlyForDeploymentPostprocessing = 0;
		};
/* End PBXSourcesBuildPhase section */

/* Begin PBXTargetDependency section */
		6F6BC71E1A2D20A100578D7B /* PBXTargetDependency */ = {
			isa = PBXTargetDependency;
			target = 6F6BC7031A2D20A100578D7B /* BeaconColor */;
			targetProxy = 6F6BC71D1A2D20A100578D7B /* PBXContainerItemProxy */;
		};
/* End PBXTargetDependency section */

/* Begin PBXVariantGroup section */
		6F6BC7101A2D20A100578D7B /* Main.storyboard */ = {
			isa = PBXVariantGroup;
			children = (
				6F6BC7111A2D20A100578D7B /* Base */,
			);
			name = Main.storyboard;
			sourceTree = "<group>";
		};
		6F6BC7151A2D20A100578D7B /* LaunchScreen.xib */ = {
			isa = PBXVariantGroup;
			children = (
				6F6BC7161A2D20A100578D7B /* Base */,
			);
			name = LaunchScreen.xib;
			sourceTree = "<group>";
		};
/* End PBXVariantGroup section */

/* Begin XCBuildConfiguration section */
		6F6BC7241A2D20A100578D7B /* Debug */ = {
			isa = XCBuildConfiguration;
			buildSettings = {
				ALWAYS_SEARCH_USER_PATHS = NO;
				CLANG_CXX_LANGUAGE_STANDARD = "gnu++0x";
				CLANG_CXX_LIBRARY = "libc++";
				CLANG_ENABLE_MODULES = YES;
				CLANG_ENABLE_OBJC_ARC = YES;
				CLANG_WARN_BOOL_CONVERSION = YES;
				CLANG_WARN_CONSTANT_CONVERSION = YES;
				CLANG_WARN_DIRECT_OBJC_ISA_USAGE = YES_ERROR;
				CLANG_WARN_EMPTY_BODY = YES;
				CLANG_WARN_ENUM_CONVERSION = YES;
				CLANG_WARN_INT_CONVERSION = YES;
				CLANG_WARN_OBJC_ROOT_CLASS = YES_ERROR;
				CLANG_WARN_UNREACHABLE_CODE = YES;
				CLANG_WARN__DUPLICATE_METHOD_MATCH = YES;
				"CODE_SIGN_IDENTITY[sdk=iphoneos*]" = "iPhone Developer";
				COPY_PHASE_STRIP = NO;
				ENABLE_STRICT_OBJC_MSGSEND = YES;
				GCC_C_LANGUAGE_STANDARD = gnu99;
				GCC_DYNAMIC_NO_PIC = NO;
				GCC_OPTIMIZATION_LEVEL = 0;
				GCC_PREPROCESSOR_DEFINITIONS = (
					"DEBUG=1",
					"$(inherited)",
				);
				GCC_SYMBOLS_PRIVATE_EXTERN = NO;
				GCC_WARN_64_TO_32_BIT_CONVERSION = YES;
				GCC_WARN_ABOUT_RETURN_TYPE = YES_ERROR;
				GCC_WARN_UNDECLARED_SELECTOR = YES;
				GCC_WARN_UNINITIALIZED_AUTOS = YES_AGGRESSIVE;
				GCC_WARN_UNUSED_FUNCTION = YES;
				GCC_WARN_UNUSED_VARIABLE = YES;
				IPHONEOS_DEPLOYMENT_TARGET = 8.1;
				MTL_ENABLE_DEBUG_INFO = YES;
				ONLY_ACTIVE_ARCH = YES;
				SDKROOT = iphoneos;
				SWIFT_OPTIMIZATION_LEVEL = "-Onone";
			};
			name = Debug;
		};
		6F6BC7251A2D20A100578D7B /* Release */ = {
			isa = XCBuildConfiguration;
			buildSettings = {
				ALWAYS_SEARCH_USER_PATHS = NO;
				CLANG_CXX_LANGUAGE_STANDARD = "gnu++0x";
				CLANG_CXX_LIBRARY = "libc++";
				CLANG_ENABLE_MODULES = YES;
				CLANG_ENABLE_OBJC_ARC = YES;
				CLANG_WARN_BOOL_CONVERSION = YES;
				CLANG_WARN_CONSTANT_CONVERSION = YES;
				CLANG_WARN_DIRECT_OBJC_ISA_USAGE = YES_ERROR;
				CLANG_WARN_EMPTY_BODY = YES;
				CLANG_WARN_ENUM_CONVERSION = YES;
				CLANG_WARN_INT_CONVERSION = YES;
				CLANG_WARN_OBJC_ROOT_CLASS = YES_ERROR;
				CLANG_WARN_UNREACHABLE_CODE = YES;
				CLANG_WARN__DUPLICATE_METHOD_MATCH = YES;
				"CODE_SIGN_IDENTITY[sdk=iphoneos*]" = "iPhone Developer";
				COPY_PHASE_STRIP = YES;
				ENABLE_NS_ASSERTIONS = NO;
				ENABLE_STRICT_OBJC_MSGSEND = YES;
				GCC_C_LANGUAGE_STANDARD = gnu99;
				GCC_WARN_64_TO_32_BIT_CONVERSION = YES;
				GCC_WARN_ABOUT_RETURN_TYPE = YES_ERROR;
				GCC_WARN_UNDECLARED_SELECTOR = YES;
				GCC_WARN_UNINITIALIZED_AUTOS = YES_AGGRESSIVE;
				GCC_WARN_UNUSED_FUNCTION = YES;
				GCC_WARN_UNUSED_VARIABLE = YES;
				IPHONEOS_DEPLOYMENT_TARGET = 8.1;
				MTL_ENABLE_DEBUG_INFO = NO;
				SDKROOT = iphoneos;
				VALIDATE_PRODUCT = YES;
			};
			name = Release;
		};
		6F6BC7271A2D20A100578D7B /* Debug */ = {
			isa = XCBuildConfiguration;
			buildSettings = {
				ASSETCATALOG_COMPILER_APPICON_NAME = AppIcon;
				EMBEDDED_CONTENT_CONTAINS_SWIFT = YES;
				INFOPLIST_FILE = BeaconColor/Info.plist;
				LD_RUNPATH_SEARCH_PATHS = "$(inherited) @executable_path/Frameworks";
				LIBRARY_SEARCH_PATHS = (
					"$(inherited)",
					"/Users/josephmari/Downloads/iOS-SDK-master/EstimoteSDK",
				);
				PRODUCT_NAME = "$(TARGET_NAME)";
			};
			name = Debug;
		};
		6F6BC7281A2D20A100578D7B /* Release */ = {
			isa = XCBuildConfiguration;
			buildSettings = {
				ASSETCATALOG_COMPILER_APPICON_NAME = AppIcon;
				EMBEDDED_CONTENT_CONTAINS_SWIFT = YES;
				INFOPLIST_FILE = BeaconColor/Info.plist;
				LD_RUNPATH_SEARCH_PATHS = "$(inherited) @executable_path/Frameworks";
				LIBRARY_SEARCH_PATHS = (
					"$(inherited)",
					"/Users/josephmari/Downloads/iOS-SDK-master/EstimoteSDK",
				);
				PRODUCT_NAME = "$(TARGET_NAME)";
			};
			name = Release;
		};
		6F6BC72A1A2D20A100578D7B /* Debug */ = {
			isa = XCBuildConfiguration;
			buildSettings = {
				BUNDLE_LOADER = "$(TEST_HOST)";
				FRAMEWORK_SEARCH_PATHS = (
					"$(SDKROOT)/Developer/Library/Frameworks",
					"$(inherited)",
				);
				GCC_PREPROCESSOR_DEFINITIONS = (
					"DEBUG=1",
					"$(inherited)",
				);
				INFOPLIST_FILE = BeaconColorTests/Info.plist;
				LD_RUNPATH_SEARCH_PATHS = "$(inherited) @executable_path/Frameworks @loader_path/Frameworks";
				PRODUCT_NAME = "$(TARGET_NAME)";
				TEST_HOST = "$(BUILT_PRODUCTS_DIR)/BeaconColor.app/BeaconColor";
			};
			name = Debug;
		};
		6F6BC72B1A2D20A100578D7B /* Release */ = {
			isa = XCBuildConfiguration;
			buildSettings = {
				BUNDLE_LOADER = "$(TEST_HOST)";
				FRAMEWORK_SEARCH_PATHS = (
					"$(SDKROOT)/Developer/Library/Frameworks",
					"$(inherited)",
				);
				INFOPLIST_FILE = BeaconColorTests/Info.plist;
				LD_RUNPATH_SEARCH_PATHS = "$(inherited) @executable_path/Frameworks @loader_path/Frameworks";
				PRODUCT_NAME = "$(TARGET_NAME)";
				TEST_HOST = "$(BUILT_PRODUCTS_DIR)/BeaconColor.app/BeaconColor";
			};
			name = Release;
		};
/* End XCBuildConfiguration section */

/* Begin XCConfigurationList section */
		6F6BC6FF1A2D20A100578D7B /* Build configuration list for PBXProject "BeaconColor" */ = {
			isa = XCConfigurationList;
			buildConfigurations = (
				6F6BC7241A2D20A100578D7B /* Debug */,
				6F6BC7251A2D20A100578D7B /* Release */,
			);
			defaultConfigurationIsVisible = 0;
			defaultConfigurationName = Release;
		};
		6F6BC7261A2D20A100578D7B /* Build configuration list for PBXNativeTarget "BeaconColor" */ = {
			isa = XCConfigurationList;
			buildConfigurations = (
				6F6BC7271A2D20A100578D7B /* Debug */,
				6F6BC7281A2D20A100578D7B /* Release */,
			);
			defaultConfigurationIsVisible = 0;
			defaultConfigurationName = Release;
		};
		6F6BC7291A2D20A100578D7B /* Build configuration list for PBXNativeTarget "BeaconColorTests" */ = {
			isa = XCConfigurationList;
			buildConfigurations = (
				6F6BC72A1A2D20A100578D7B /* Debug */,
				6F6BC72B1A2D20A100578D7B /* Release */,
			);
			defaultConfigurationIsVisible = 0;
			defaultConfigurationName = Release;
		};
/* End XCConfigurationList section */

/* Begin XCVersionGroup section */
		6F6BC70B1A2D20A100578D7B /* BeaconColor.xcdatamodeld */ = {
			isa = XCVersionGroup;
			children = (
				6F6BC70C1A2D20A100578D7B /* BeaconColor.xcdatamodel */,
			);
			currentVersion = 6F6BC70C1A2D20A100578D7B /* BeaconColor.xcdatamodel */;
			path = BeaconColor.xcdatamodeld;
			sourceTree = "<group>";
			versionGroupType = wrapper.xcdatamodel;
		};
/* End XCVersionGroup section */
	};
	rootObject = 6F6BC6FC1A2D20A100578D7B /* Project object */;
}
